# This file is automatically @generated by Poetry 2.3.2 and should not be changed by hand.

[[package]]
name = "neo4j"
version = "6.1.0"
description = "Neo4j Bolt driver for Python"
optional = false
python-versions = ">=3.10"
groups = ["main"]
files = [
    {file = "neo4j-6.1.0-py3-none-any.whl", hash = "sha256:3bd93941f3a3559af197031157220af9fd71f4f93a311db687bd69ffa417b67d"},
    {file = "neo4j-6.1.0.tar.gz", hash = "sha256:b5dde8c0d8481e7b6ae3733569d990dd3e5befdc5d452f531ad1884ed3500b84"},
]

[package.dependencies]
pytz = "*"

[package.extras]
numpy = ["numpy (>=1.21.2,<3.0.0)"]
pandas = ["numpy (>=1.21.2,<3.0.0)", "pandas (>=1.1.0,<3.0.0)"]
pyarrow = ["pyarrow (>=6.0.0,<23.0.0)"]

[[package]]
name = "pytz"
version = "2025.2"
description = "World timezone definitions, modern and historical"
optional = false
python-versions = "*"
groups = ["main"]
files = [
    {file = "pytz-2025.2-py2.py3-none-any.whl", hash = "sha256:5ddf76296dd8c44c26eb8f4b6f35488f3ccbf6fbbd7adee0b7262d43f0ec2f00"},
    {file = "pytz-2025.2.tar.gz", hash = "sha256:360b9e3dbb49a209c21ad61809c7fb453643e048b38924c765813546746e81c3"},
]

[metadata]
lock-version = "2.1"
python-versions = "^3.12"
content-hash = "225c7651ccd38b2ddcc2d349f3f2c4a8843720a5dfda4ad6b1b60ba2267dfdf3"
